{
    "_readme": [
        "This file locks the dependencies of your project to a known state",
        "Read more about it at https://getcomposer.org/doc/01-basic-usage.md#installing-dependencies",
        "This file is @generated automatically"
    ],
    "content-hash": "00f962707560280045543e665c3b0c45",
    "packages": [],
    "packages-dev": [
        {
            "name": "dxw/phar-install",
            "version": "v1.1.2",
            "source": {
                "type": "git",
                "url": "https://github.com/dxw/phar-install.git",
                "reference": "36eb78be91d433546bc90194db6f4de754a542de"
            },
            "dist": {
                "type": "zip",
                "url": "https://api.github.com/repos/dxw/phar-install/zipball/36eb78be91d433546bc90194db6f4de754a542de",
                "reference": "36eb78be91d433546bc90194db6f4de754a542de",
                "shasum": ""
            },
            "bin": [
                "bin/phar-install"
            ],
            "type": "library",
            "notification-url": "https://packagist.org/downloads/",
            "license": [
                "MIT"
            ],
            "authors": [
                {
                    "name": "Mallory Adams",
                    "email": "mallory@dxw.com",
                    "homepage": "https://www.dxw.com"
                }
            ],
            "homepage": "https://github.com/dxw/phar-install",
            "time": "2020-04-06T09:47:56+00:00"
        }
    ],
    "aliases": [],
    "minimum-stability": "stable",
    "stability-flags": [],
    "prefer-stable": false,
    "prefer-lowest": false,
    "platform": {
        "php": "^7.4"
    },
    "platform-dev": [],
    "platform-overrides": {
        "php": "7.4"
    },
    "plugin-api-version": "1.1.0"
}
